
Microsoft Visual Studio Solution File, Format Version 11.00
# Visual Studio 2010
Project("{FAE04EC0-301F-11D3-BF4B-00C04F79EFBC}") = "DSDecmp", "DSDecmp\DSDecmp.csproj", "{E6F419F9-D6B5-4BE7-99BB-97C48C927FF3}"
EndProject
Project("{FAE04EC0-301F-11D3-BF4B-00C04F79EFBC}") = "GoldenSunDD", "GoldenSunDD\GoldenSunDD.csproj", "{8CE72663-0036-4A94-BD70-99AFE7CEEC0C}"
EndProject
Project("{FAE04EC0-301F-11D3-BF4B-00C04F79EFBC}") = "LuminousArc", "LuminousArc\LuminousArc.csproj", "{4BD8DF5C-E971-45D1-B170-340D22DDB351}"
EndProject
Project("{FAE04EC0-301F-11D3-BF4B-00C04F79EFBC}") = "Tester", "Tester\Tester.csproj", "{A4FABF4B-59F2-4D4B-9012-FF177980EAB7}"
EndProject
Global
	GlobalSection(SolutionConfigurationPlatforms) = preSolution
		Debug|Any CPU = Debug|Any CPU
		Debug|Mixed Platforms = Debug|Mixed Platforms
		Debug|x86 = Debug|x86
		Release|Any CPU = Release|Any CPU
		Release|Mixed Platforms = Release|Mixed Platforms
		Release|x86 = Release|x86
	EndGlobalSection
	GlobalSection(ProjectConfigurationPlatforms) = postSolution
		{E6F419F9-D6B5-4BE7-99BB-97C48C927FF3}.Debug|Any CPU.ActiveCfg = Debug|Any CPU
		{E6F419F9-D6B5-4BE7-99BB-97C48C927FF3}.Debug|Any CPU.Build.0 = Debug|Any CPU
		{E6F419F9-D6B5-4BE7-99BB-97C48C927FF3}.Debug|Mixed Platforms.ActiveCfg = Debug|Any CPU
		{E6F419F9-D6B5-4BE7-99BB-97C48C927FF3}.Debug|Mixed Platforms.Build.0 = Debug|Any CPU
		{E6F419F9-D6B5-4BE7-99BB-97C48C927FF3}.Debug|x86.ActiveCfg = Debug|Any CPU
		{E6F419F9-D6B5-4BE7-99BB-97C48C927FF3}.Release|Any CPU.ActiveCfg = Release|Any CPU
		{E6F419F9-D6B5-4BE7-99BB-97C48C927FF3}.Release|Any CPU.Build.0 = Release|Any CPU
		{E6F419F9-D6B5-4BE7-99BB-97C48C927FF3}.Release|Mixed Platforms.ActiveCfg = Release|Any CPU
		{E6F419F9-D6B5-4BE7-99BB-97C48C927FF3}.Release|Mixed Platforms.Build.0 = Release|Any CPU
		{E6F419F9-D6B5-4BE7-99BB-97C48C927FF3}.Release|x86.ActiveCfg = Release|Any CPU
		{8CE72663-0036-4A94-BD70-99AFE7CEEC0C}.Debug|Any CPU.ActiveCfg = Debug|Any CPU
		{8CE72663-0036-4A94-BD70-99AFE7CEEC0C}.Debug|Any CPU.Build.0 = Debug|Any CPU
		{8CE72663-0036-4A94-BD70-99AFE7CEEC0C}.Debug|Mixed Platforms.ActiveCfg = Debug|Any CPU
		{8CE72663-0036-4A94-BD70-99AFE7CEEC0C}.Debug|Mixed Platforms.Build.0 = Debug|Any CPU
		{8CE72663-0036-4A94-BD70-99AFE7CEEC0C}.Debug|x86.ActiveCfg = Debug|Any CPU
		{8CE72663-0036-4A94-BD70-99AFE7CEEC0C}.Release|Any CPU.ActiveCfg = Release|Any CPU
		{8CE72663-0036-4A94-BD70-99AFE7CEEC0C}.Release|Any CPU.Build.0 = Release|Any CPU
		{8CE72663-0036-4A94-BD70-99AFE7CEEC0C}.Release|Mixed Platforms.ActiveCfg = Release|Any CPU
		{8CE72663-0036-4A94-BD70-99AFE7CEEC0C}.Release|Mixed Platforms.Build.0 = Release|Any CPU
		{8CE72663-0036-4A94-BD70-99AFE7CEEC0C}.Release|x86.ActiveCfg = Release|Any CPU
		{4BD8DF5C-E971-45D1-B170-340D22DDB351}.Debug|Any CPU.ActiveCfg = Debug|Any CPU
		{4BD8DF5C-E971-45D1-B170-340D22DDB351}.Debug|Any CPU.Build.0 = Debug|Any CPU
		{4BD8DF5C-E971-45D1-B170-340D22DDB351}.Debug|Mixed Platforms.ActiveCfg = Debug|Any CPU
		{4BD8DF5C-E971-45D1-B170-340D22DDB351}.Debug|Mixed Platforms.Build.0 = Debug|Any CPU
		{4BD8DF5C-E971-45D1-B170-340D22DDB351}.Debug|x86.ActiveCfg = Debug|Any CPU
		{4BD8DF5C-E971-45D1-B170-340D22DDB351}.Release|Any CPU.ActiveCfg = Release|Any CPU
		{4BD8DF5C-E971-45D1-B170-340D22DDB351}.Release|Any CPU.Build.0 = Release|Any CPU
		{4BD8DF5C-E971-45D1-B170-340D22DDB351}.Release|Mixed Platforms.ActiveCfg = Release|Any CPU
		{4BD8DF5C-E971-45D1-B170-340D22DDB351}.Release|Mixed Platforms.Build.0 = Release|Any CPU
		{4BD8DF5C-E971-45D1-B170-340D22DDB351}.Release|x86.ActiveCfg = Release|Any CPU
		{A4FABF4B-59F2-4D4B-9012-FF177980EAB7}.Debug|Any CPU.ActiveCfg = Debug|x86
		{A4FABF4B-59F2-4D4B-9012-FF177980EAB7}.Debug|Mixed Platforms.ActiveCfg = Debug|x86
		{A4FABF4B-59F2-4D4B-9012-FF177980EAB7}.Debug|Mixed Platforms.Build.0 = Debug|x86
		{A4FABF4B-59F2-4D4B-9012-FF177980EAB7}.Debug|x86.ActiveCfg = Debug|x86
		{A4FABF4B-59F2-4D4B-9012-FF177980EAB7}.Debug|x86.Build.0 = Debug|x86
		{A4FABF4B-59F2-4D4B-9012-FF177980EAB7}.Release|Any CPU.ActiveCfg = Release|x86
		{A4FABF4B-59F2-4D4B-9012-FF177980EAB7}.Release|Mixed Platforms.ActiveCfg = Release|x86
		{A4FABF4B-59F2-4D4B-9012-FF177980EAB7}.Release|Mixed Platforms.Build.0 = Release|x86
		{A4FABF4B-59F2-4D4B-9012-FF177980EAB7}.Release|x86.ActiveCfg = Release|x86
		{A4FABF4B-59F2-4D4B-9012-FF177980EAB7}.Release|x86.Build.0 = Release|x86
	EndGlobalSection
	GlobalSection(SolutionProperties) = preSolution
		HideSolutionNode = FALSE
	EndGlobalSection
EndGlobal
